
Microsoft Visual Studio Solution File, Format Version 12.00
# Visual Studio Version 17
VisualStudioVersion = 17.12.35707.178
MinimumVisualStudioVersion = 10.0.40219.1
Project("{2150E333-8FDC-42A3-9474-1A3956D46DE8}") = "src", "src", "{02EA681E-C7D8-13C7-8484-4AC65E1B71E8}"
EndProject
Project("{FAE04EC0-301F-11D3-BF4B-00C04F79EFBC}") = "UserService.Web", "src\UserService.Web\UserService.Web.csproj", "{731DF919-27A2-4E39-9CF5-A49B71687E0D}"
EndProject
Project("{FAE04EC0-301F-11D3-BF4B-00C04F79EFBC}") = "UserService.Application", "src\UserService.Application\UserService.Application.csproj", "{479495BE-C4A7-4C7A-9724-69160DCA9D0D}"
EndProject
Project("{FAE04EC0-301F-11D3-BF4B-00C04F79EFBC}") = "UserService.Domain", "src\UserService.Domain\UserService.Domain.csproj", "{844DCEFC-2D12-4A3E-93A1-1EB0CA420245}"
EndProject
Project("{FAE04EC0-301F-11D3-BF4B-00C04F79EFBC}") = "UserService.Presentation", "src\UserService.Presentation\UserService.Presentation.csproj", "{3FD81B86-EE33-4C70-9E28-DB8EE84945D6}"
EndProject
Project("{FAE04EC0-301F-11D3-BF4B-00C04F79EFBC}") = "UserService.Contract", "src\UserService.Contract\UserService.Contract.csproj", "{FAF0B0AB-94E6-427F-A842-7F8BC0B07D87}"
EndProject
Project("{FAE04EC0-301F-11D3-BF4B-00C04F79EFBC}") = "UserService.Persistence", "src\UserService.Persistence\UserService.Persistence.csproj", "{E7FDA7FB-82EB-44B9-9EF8-B300495D1B8E}"
EndProject
Project("{FAE04EC0-301F-11D3-BF4B-00C04F79EFBC}") = "UserService.Infrastructure", "src\UserService.Infrastructure\UserService.Infrastructure.csproj", "{6552DB22-491C-4959-95C3-C9828BA9144B}"
EndProject
Project("{FAE04EC0-301F-11D3-BF4B-00C04F79EFBC}") = "UserService.AppHost", "src\UserService.AppHost\UserService.AppHost.csproj", "{D38FE9A0-178D-4CC3-8C35-487DA20EBDEF}"
EndProject
Project("{FAE04EC0-301F-11D3-BF4B-00C04F79EFBC}") = "UserService.ServiceDefaults", "src\UserService.ServiceDefaults\UserService.ServiceDefaults.csproj", "{826BFBAE-DD81-E215-1DD0-8C445F059738}"
EndProject
Global
	GlobalSection(SolutionConfigurationPlatforms) = preSolution
		Debug|Any CPU = Debug|Any CPU
		Release|Any CPU = Release|Any CPU
	EndGlobalSection
	GlobalSection(ProjectConfigurationPlatforms) = postSolution
		{731DF919-27A2-4E39-9CF5-A49B71687E0D}.Debug|Any CPU.ActiveCfg = Debug|Any CPU
		{731DF919-27A2-4E39-9CF5-A49B71687E0D}.Debug|Any CPU.Build.0 = Debug|Any CPU
		{731DF919-27A2-4E39-9CF5-A49B71687E0D}.Release|Any CPU.ActiveCfg = Release|Any CPU
		{731DF919-27A2-4E39-9CF5-A49B71687E0D}.Release|Any CPU.Build.0 = Release|Any CPU
		{479495BE-C4A7-4C7A-9724-69160DCA9D0D}.Debug|Any CPU.ActiveCfg = Debug|Any CPU
		{479495BE-C4A7-4C7A-9724-69160DCA9D0D}.Debug|Any CPU.Build.0 = Debug|Any CPU
		{479495BE-C4A7-4C7A-9724-69160DCA9D0D}.Release|Any CPU.ActiveCfg = Release|Any CPU
		{479495BE-C4A7-4C7A-9724-69160DCA9D0D}.Release|Any CPU.Build.0 = Release|Any CPU
		{844DCEFC-2D12-4A3E-93A1-1EB0CA420245}.Debug|Any CPU.ActiveCfg = Debug|Any CPU
		{844DCEFC-2D12-4A3E-93A1-1EB0CA420245}.Debug|Any CPU.Build.0 = Debug|Any CPU
		{844DCEFC-2D12-4A3E-93A1-1EB0CA420245}.Release|Any CPU.ActiveCfg = Release|Any CPU
		{844DCEFC-2D12-4A3E-93A1-1EB0CA420245}.Release|Any CPU.Build.0 = Release|Any CPU
		{3FD81B86-EE33-4C70-9E28-DB8EE84945D6}.Debug|Any CPU.ActiveCfg = Debug|Any CPU
		{3FD81B86-EE33-4C70-9E28-DB8EE84945D6}.Debug|Any CPU.Build.0 = Debug|Any CPU
		{3FD81B86-EE33-4C70-9E28-DB8EE84945D6}.Release|Any CPU.ActiveCfg = Release|Any CPU
		{3FD81B86-EE33-4C70-9E28-DB8EE84945D6}.Release|Any CPU.Build.0 = Release|Any CPU
		{FAF0B0AB-94E6-427F-A842-7F8BC0B07D87}.Debug|Any CPU.ActiveCfg = Debug|Any CPU
		{FAF0B0AB-94E6-427F-A842-7F8BC0B07D87}.Debug|Any CPU.Build.0 = Debug|Any CPU
		{FAF0B0AB-94E6-427F-A842-7F8BC0B07D87}.Release|Any CPU.ActiveCfg = Release|Any CPU
		{FAF0B0AB-94E6-427F-A842-7F8BC0B07D87}.Release|Any CPU.Build.0 = Release|Any CPU
		{E7FDA7FB-82EB-44B9-9EF8-B300495D1B8E}.Debug|Any CPU.ActiveCfg = Debug|Any CPU
		{E7FDA7FB-82EB-44B9-9EF8-B300495D1B8E}.Debug|Any CPU.Build.0 = Debug|Any CPU
		{E7FDA7FB-82EB-44B9-9EF8-B300495D1B8E}.Release|Any CPU.ActiveCfg = Release|Any CPU
		{E7FDA7FB-82EB-44B9-9EF8-B300495D1B8E}.Release|Any CPU.Build.0 = Release|Any CPU
		{6552DB22-491C-4959-95C3-C9828BA9144B}.Debug|Any CPU.ActiveCfg = Debug|Any CPU
		{6552DB22-491C-4959-95C3-C9828BA9144B}.Debug|Any CPU.Build.0 = Debug|Any CPU
		{6552DB22-491C-4959-95C3-C9828BA9144B}.Release|Any CPU.ActiveCfg = Release|Any CPU
		{6552DB22-491C-4959-95C3-C9828BA9144B}.Release|Any CPU.Build.0 = Release|Any CPU
		{D38FE9A0-178D-4CC3-8C35-487DA20EBDEF}.Debug|Any CPU.ActiveCfg = Debug|Any CPU
		{D38FE9A0-178D-4CC3-8C35-487DA20EBDEF}.Debug|Any CPU.Build.0 = Debug|Any CPU
		{D38FE9A0-178D-4CC3-8C35-487DA20EBDEF}.Release|Any CPU.ActiveCfg = Release|Any CPU
		{D38FE9A0-178D-4CC3-8C35-487DA20EBDEF}.Release|Any CPU.Build.0 = Release|Any CPU
		{826BFBAE-DD81-E215-1DD0-8C445F059738}.Debug|Any CPU.ActiveCfg = Debug|Any CPU
		{826BFBAE-DD81-E215-1DD0-8C445F059738}.Debug|Any CPU.Build.0 = Debug|Any CPU
		{826BFBAE-DD81-E215-1DD0-8C445F059738}.Release|Any CPU.ActiveCfg = Release|Any CPU
		{826BFBAE-DD81-E215-1DD0-8C445F059738}.Release|Any CPU.Build.0 = Release|Any CPU
		{CBF8BC87-EBA4-4D64-A32E-9AD6D6D43D37}.Debug|Any CPU.ActiveCfg = Debug|Any CPU
		{CBF8BC87-EBA4-4D64-A32E-9AD6D6D43D37}.Debug|Any CPU.Build.0 = Debug|Any CPU
		{CBF8BC87-EBA4-4D64-A32E-9AD6D6D43D37}.Release|Any CPU.ActiveCfg = Release|Any CPU
		{CBF8BC87-EBA4-4D64-A32E-9AD6D6D43D37}.Release|Any CPU.Build.0 = Release|Any CPU
	EndGlobalSection
	GlobalSection(SolutionProperties) = preSolution
		HideSolutionNode = FALSE
	EndGlobalSection
	GlobalSection(NestedProjects) = preSolution
		{731DF919-27A2-4E39-9CF5-A49B71687E0D} = {02EA681E-C7D8-13C7-8484-4AC65E1B71E8}
		{479495BE-C4A7-4C7A-9724-69160DCA9D0D} = {02EA681E-C7D8-13C7-8484-4AC65E1B71E8}
		{844DCEFC-2D12-4A3E-93A1-1EB0CA420245} = {02EA681E-C7D8-13C7-8484-4AC65E1B71E8}
		{3FD81B86-EE33-4C70-9E28-DB8EE84945D6} = {02EA681E-C7D8-13C7-8484-4AC65E1B71E8}
		{FAF0B0AB-94E6-427F-A842-7F8BC0B07D87} = {02EA681E-C7D8-13C7-8484-4AC65E1B71E8}
		{E7FDA7FB-82EB-44B9-9EF8-B300495D1B8E} = {02EA681E-C7D8-13C7-8484-4AC65E1B71E8}
		{6552DB22-491C-4959-95C3-C9828BA9144B} = {02EA681E-C7D8-13C7-8484-4AC65E1B71E8}
		{D38FE9A0-178D-4CC3-8C35-487DA20EBDEF} = {02EA681E-C7D8-13C7-8484-4AC65E1B71E8}
		{826BFBAE-DD81-E215-1DD0-8C445F059738} = {02EA681E-C7D8-13C7-8484-4AC65E1B71E8}
	EndGlobalSection
	GlobalSection(ExtensibilityGlobals) = postSolution
		SolutionGuid = {740F2267-ACC1-4837-B557-D2C818201CF5}
	EndGlobalSection
EndGlobal
